
Microsoft Visual Studio Solution File, Format Version 12.00
# Visual Studio Version 17
VisualStudioVersion = 17.0.31903.59
MinimumVisualStudioVersion = 10.0.40219.1
Project("{FAE04EC0-301F-11D3-BF4B-00C04F79EFBC}") = "API", "API\API.csproj", "{F4A6BC0E-7693-4B70-BEDB-9BA89A02FE0A}"
EndProject
Project("{FAE04EC0-301F-11D3-BF4B-00C04F79EFBC}") = "Core", "Core\Core.csproj", "{3DBAFE1D-FD46-4369-808C-162D1D8AB67F}"
EndProject
Project("{FAE04EC0-301F-11D3-BF4B-00C04F79EFBC}") = "Infrastructure", "Infrastructure\Infrastructure.csproj", "{D0BCE836-6B3A-4E1D-B695-CAAC80C31F26}"
EndProject
Global
	GlobalSection(SolutionConfigurationPlatforms) = preSolution
		Debug|Any CPU = Debug|Any CPU
		Release|Any CPU = Release|Any CPU
	EndGlobalSection
	GlobalSection(SolutionProperties) = preSolution
		HideSolutionNode = FALSE
	EndGlobalSection
	GlobalSection(ProjectConfigurationPlatforms) = postSolution
		{F4A6BC0E-7693-4B70-BEDB-9BA89A02FE0A}.Debug|Any CPU.ActiveCfg = Debug|Any CPU
		{F4A6BC0E-7693-4B70-BEDB-9BA89A02FE0A}.Debug|Any CPU.Build.0 = Debug|Any CPU
		{F4A6BC0E-7693-4B70-BEDB-9BA89A02FE0A}.Release|Any CPU.ActiveCfg = Release|Any CPU
		{F4A6BC0E-7693-4B70-BEDB-9BA89A02FE0A}.Release|Any CPU.Build.0 = Release|Any CPU
		{3DBAFE1D-FD46-4369-808C-162D1D8AB67F}.Debug|Any CPU.ActiveCfg = Debug|Any CPU
		{3DBAFE1D-FD46-4369-808C-162D1D8AB67F}.Debug|Any CPU.Build.0 = Debug|Any CPU
		{3DBAFE1D-FD46-4369-808C-162D1D8AB67F}.Release|Any CPU.ActiveCfg = Release|Any CPU
		{3DBAFE1D-FD46-4369-808C-162D1D8AB67F}.Release|Any CPU.Build.0 = Release|Any CPU
		{D0BCE836-6B3A-4E1D-B695-CAAC80C31F26}.Debug|Any CPU.ActiveCfg = Debug|Any CPU
		{D0BCE836-6B3A-4E1D-B695-CAAC80C31F26}.Debug|Any CPU.Build.0 = Debug|Any CPU
		{D0BCE836-6B3A-4E1D-B695-CAAC80C31F26}.Release|Any CPU.ActiveCfg = Release|Any CPU
		{D0BCE836-6B3A-4E1D-B695-CAAC80C31F26}.Release|Any CPU.Build.0 = Release|Any CPU
	EndGlobalSection
EndGlobal
